
Microsoft Visual Studio Solution File, Format Version 12.00
# Visual Studio Version 17
VisualStudioVersion = 17.10.34928.147
MinimumVisualStudioVersion = 10.0.40219.1
Project("{2150E333-8FDC-42A3-9474-1A3956D46DE8}") = "Presentation", "Presentation", "{C40E0CE4-BBEA-4569-8011-613CF5101C09}"
EndProject
Project("{9A19103F-16F7-4668-BE54-9A1E7A4F7556}") = "Application", "Application\Application.csproj", "{A8681E62-CC89-4451-8EF9-69CB3F5364E5}"
EndProject
Project("{9A19103F-16F7-4668-BE54-9A1E7A4F7556}") = "Domain", "Domain\Domain.csproj", "{A7D35557-535B-4FA4-B637-4AA62840F8B5}"
EndProject
Project("{9A19103F-16F7-4668-BE54-9A1E7A4F7556}") = "Infrastructure", "Infrastructure\Infrastructure.csproj", "{E5DDFB56-CCE3-4E6E-B657-BDAD1B1CBC8F}"
EndProject
Project("{9A19103F-16F7-4668-BE54-9A1E7A4F7556}") = "API", "API\API.csproj", "{154DC671-68F6-4710-BB78-3FB677D4D7ED}"
EndProject
Project("{9A19103F-16F7-4668-BE54-9A1E7A4F7556}") = "WebUIFinal", "WebUIFinal\WebUIFinal.csproj", "{416472B7-75F9-460F-9F43-41C30C405FAA}"
EndProject
Project("{9A19103F-16F7-4668-BE54-9A1E7A4F7556}") = "BatchGenerateReceiptByReceivePlan", "Batchs\BatchGenerateReceiptByReceivePlan\BatchGenerateReceiptByReceivePlan\BatchGenerateReceiptByReceivePlan.csproj", "{4991ECB2-EC58-4BE8-AA7B-D42BC45EE481}"
EndProject
Project("{2150E333-8FDC-42A3-9474-1A3956D46DE8}") = "Batchs", "Batchs", "{ABAF0FEC-2C73-4A45-97BD-E973B6EC9406}"
EndProject
Project("{9A19103F-16F7-4668-BE54-9A1E7A4F7556}") = "BatchShipmentCreate", "BatchShipmentCreate\BatchShipmentCreate.csproj", "{2F67CBD3-DF03-44D2-8F70-2CEC5442EFD1}"
EndProject
Project("{9A19103F-16F7-4668-BE54-9A1E7A4F7556}") = "PrintClientAPI", "PrintClientAPI\PrintClientAPI.csproj", "{8DA50E4E-681B-43BE-9A1D-10F0957EF726}"
EndProject
Project("{9A19103F-16F7-4668-BE54-9A1E7A4F7556}") = "BatchPickingCreate", "BatchPickingCreate\BatchPickingCreate.csproj", "{9C5D14F0-FC01-47CB-B0A2-188A08C074BE}"
EndProject
Project("{9A19103F-16F7-4668-BE54-9A1E7A4F7556}") = "FBT.ShareModels", "..\..\202409_WMS_Tealife_Shuei_Entities\FBT.ShareModels\FBT.ShareModels.csproj", "{82E81F0C-E37C-4A6B-8E95-EABCBB7057B2}"
EndProject
Global
	GlobalSection(SolutionConfigurationPlatforms) = preSolution
		Debug|Any CPU = Debug|Any CPU
		Release|Any CPU = Release|Any CPU
	EndGlobalSection
	GlobalSection(ProjectConfigurationPlatforms) = postSolution
		{A8681E62-CC89-4451-8EF9-69CB3F5364E5}.Debug|Any CPU.ActiveCfg = Debug|Any CPU
		{A8681E62-CC89-4451-8EF9-69CB3F5364E5}.Debug|Any CPU.Build.0 = Debug|Any CPU
		{A8681E62-CC89-4451-8EF9-69CB3F5364E5}.Release|Any CPU.ActiveCfg = Release|Any CPU
		{A8681E62-CC89-4451-8EF9-69CB3F5364E5}.Release|Any CPU.Build.0 = Release|Any CPU
		{A7D35557-535B-4FA4-B637-4AA62840F8B5}.Debug|Any CPU.ActiveCfg = Debug|Any CPU
		{A7D35557-535B-4FA4-B637-4AA62840F8B5}.Debug|Any CPU.Build.0 = Debug|Any CPU
		{A7D35557-535B-4FA4-B637-4AA62840F8B5}.Release|Any CPU.ActiveCfg = Release|Any CPU
		{A7D35557-535B-4FA4-B637-4AA62840F8B5}.Release|Any CPU.Build.0 = Release|Any CPU
		{E5DDFB56-CCE3-4E6E-B657-BDAD1B1CBC8F}.Debug|Any CPU.ActiveCfg = Debug|Any CPU
		{E5DDFB56-CCE3-4E6E-B657-BDAD1B1CBC8F}.Debug|Any CPU.Build.0 = Debug|Any CPU
		{E5DDFB56-CCE3-4E6E-B657-BDAD1B1CBC8F}.Release|Any CPU.ActiveCfg = Release|Any CPU
		{E5DDFB56-CCE3-4E6E-B657-BDAD1B1CBC8F}.Release|Any CPU.Build.0 = Release|Any CPU
		{154DC671-68F6-4710-BB78-3FB677D4D7ED}.Debug|Any CPU.ActiveCfg = Debug|Any CPU
		{154DC671-68F6-4710-BB78-3FB677D4D7ED}.Debug|Any CPU.Build.0 = Debug|Any CPU
		{154DC671-68F6-4710-BB78-3FB677D4D7ED}.Release|Any CPU.ActiveCfg = Release|Any CPU
		{154DC671-68F6-4710-BB78-3FB677D4D7ED}.Release|Any CPU.Build.0 = Release|Any CPU
		{416472B7-75F9-460F-9F43-41C30C405FAA}.Debug|Any CPU.ActiveCfg = Debug|Any CPU
		{416472B7-75F9-460F-9F43-41C30C405FAA}.Debug|Any CPU.Build.0 = Debug|Any CPU
		{416472B7-75F9-460F-9F43-41C30C405FAA}.Release|Any CPU.ActiveCfg = Release|Any CPU
		{416472B7-75F9-460F-9F43-41C30C405FAA}.Release|Any CPU.Build.0 = Release|Any CPU
		{4991ECB2-EC58-4BE8-AA7B-D42BC45EE481}.Debug|Any CPU.ActiveCfg = Debug|Any CPU
		{4991ECB2-EC58-4BE8-AA7B-D42BC45EE481}.Debug|Any CPU.Build.0 = Debug|Any CPU
		{4991ECB2-EC58-4BE8-AA7B-D42BC45EE481}.Release|Any CPU.ActiveCfg = Release|Any CPU
		{4991ECB2-EC58-4BE8-AA7B-D42BC45EE481}.Release|Any CPU.Build.0 = Release|Any CPU
		{2F67CBD3-DF03-44D2-8F70-2CEC5442EFD1}.Debug|Any CPU.ActiveCfg = Debug|Any CPU
		{2F67CBD3-DF03-44D2-8F70-2CEC5442EFD1}.Debug|Any CPU.Build.0 = Debug|Any CPU
		{2F67CBD3-DF03-44D2-8F70-2CEC5442EFD1}.Release|Any CPU.ActiveCfg = Release|Any CPU
		{2F67CBD3-DF03-44D2-8F70-2CEC5442EFD1}.Release|Any CPU.Build.0 = Release|Any CPU
		{8DA50E4E-681B-43BE-9A1D-10F0957EF726}.Debug|Any CPU.ActiveCfg = Debug|Any CPU
		{8DA50E4E-681B-43BE-9A1D-10F0957EF726}.Debug|Any CPU.Build.0 = Debug|Any CPU
		{8DA50E4E-681B-43BE-9A1D-10F0957EF726}.Release|Any CPU.ActiveCfg = Release|Any CPU
		{8DA50E4E-681B-43BE-9A1D-10F0957EF726}.Release|Any CPU.Build.0 = Release|Any CPU
		{9C5D14F0-FC01-47CB-B0A2-188A08C074BE}.Debug|Any CPU.ActiveCfg = Debug|Any CPU
		{9C5D14F0-FC01-47CB-B0A2-188A08C074BE}.Debug|Any CPU.Build.0 = Debug|Any CPU
		{9C5D14F0-FC01-47CB-B0A2-188A08C074BE}.Release|Any CPU.ActiveCfg = Release|Any CPU
		{9C5D14F0-FC01-47CB-B0A2-188A08C074BE}.Release|Any CPU.Build.0 = Release|Any CPU
		{82E81F0C-E37C-4A6B-8E95-EABCBB7057B2}.Debug|Any CPU.ActiveCfg = Debug|Any CPU
		{82E81F0C-E37C-4A6B-8E95-EABCBB7057B2}.Debug|Any CPU.Build.0 = Debug|Any CPU
		{82E81F0C-E37C-4A6B-8E95-EABCBB7057B2}.Release|Any CPU.ActiveCfg = Release|Any CPU
		{82E81F0C-E37C-4A6B-8E95-EABCBB7057B2}.Release|Any CPU.Build.0 = Release|Any CPU
	EndGlobalSection
	GlobalSection(SolutionProperties) = preSolution
		HideSolutionNode = FALSE
	EndGlobalSection
	GlobalSection(NestedProjects) = preSolution
		{154DC671-68F6-4710-BB78-3FB677D4D7ED} = {C40E0CE4-BBEA-4569-8011-613CF5101C09}
		{416472B7-75F9-460F-9F43-41C30C405FAA} = {C40E0CE4-BBEA-4569-8011-613CF5101C09}
		{4991ECB2-EC58-4BE8-AA7B-D42BC45EE481} = {ABAF0FEC-2C73-4A45-97BD-E973B6EC9406}
		{2F67CBD3-DF03-44D2-8F70-2CEC5442EFD1} = {ABAF0FEC-2C73-4A45-97BD-E973B6EC9406}
		{8DA50E4E-681B-43BE-9A1D-10F0957EF726} = {C40E0CE4-BBEA-4569-8011-613CF5101C09}
		{9C5D14F0-FC01-47CB-B0A2-188A08C074BE} = {ABAF0FEC-2C73-4A45-97BD-E973B6EC9406}
	EndGlobalSection
	GlobalSection(ExtensibilityGlobals) = postSolution
		SolutionGuid = {D52342BD-9EB8-4E2A-8661-5D8160366E94}
	EndGlobalSection
EndGlobal
